
Microsoft Visual Studio Solution File, Format Version 12.00
# Visual Studio Version 16
VisualStudioVersion = 16.0.29613.14
MinimumVisualStudioVersion = 10.0.40219.1
Project("{FAE04EC0-301F-11D3-BF4B-00C04F79EFBC}") = "ISPRO_PR1(1)_Cherednichenko402", "ISPRO_PR1(1)_Cherednichenko402.csproj", "{C322F555-C676-4B8D-9FEC-DF239A574C59}"
EndProject
Global
	GlobalSection(SolutionConfigurationPlatforms) = preSolution
		Debug|Any CPU = Debug|Any CPU
		Release|Any CPU = Release|Any CPU
	EndGlobalSection
	GlobalSection(ProjectConfigurationPlatforms) = postSolution
		{C322F555-C676-4B8D-9FEC-DF239A574C59}.Debug|Any CPU.ActiveCfg = Debug|Any CPU
		{C322F555-C676-4B8D-9FEC-DF239A574C59}.Debug|Any CPU.Build.0 = Debug|Any CPU
		{C322F555-C676-4B8D-9FEC-DF239A574C59}.Release|Any CPU.ActiveCfg = Release|Any CPU
		{C322F555-C676-4B8D-9FEC-DF239A574C59}.Release|Any CPU.Build.0 = Release|Any CPU
	EndGlobalSection
	GlobalSection(SolutionProperties) = preSolution
		HideSolutionNode = FALSE
	EndGlobalSection
	GlobalSection(ExtensibilityGlobals) = postSolution
		SolutionGuid = {FC79EBB5-AA5A-47C1-B4A7-CABC4A8E926F}
	EndGlobalSection
EndGlobal
